
Microsoft Visual Studio Solution File, Format Version 12.00
# Visual Studio Version 17
VisualStudioVersion = 17.5.2.0
MinimumVisualStudioVersion = 10.0.40219.1
Project("{2150E333-8FDC-42A3-9474-1A3956D46DE8}") = "11.8", "11.8", "{4690635B-DE81-A3EF-7CC9-A434A74E5F8B}"
EndProject
Project("{FAE04EC0-301F-11D3-BF4B-00C04F79EFBC}") = "Factorial", "11.8\Factorial\Factorial.csproj", "{3A11CF74-1079-69CA-0877-BEB642F73FEB}"
EndProject
Project("{2150E333-8FDC-42A3-9474-1A3956D46DE8}") = "11.2", "11.2", "{5EAC839F-D070-EE94-8579-A9B3D456076B}"
EndProject
Project("{F2A71F9B-5D33-465A-A702-920D77279786}") = "solve", "11.2\solve.fsproj", "{769E60BA-AE66-4FAC-AD87-39691DB6DA77}"
EndProject
Project("{2150E333-8FDC-42A3-9474-1A3956D46DE8}") = "11.3", "11.3", "{6E26947B-828C-9D68-8907-3C00B3B3ACE0}"
EndProject
Project("{F2A71F9B-5D33-465A-A702-920D77279786}") = "solve", "11.3\solve.fsproj", "{FD021EAD-A2F9-4880-81CC-9C09EC828624}"
EndProject
Project("{2150E333-8FDC-42A3-9474-1A3956D46DE8}") = "11.4", "11.4", "{0FA88274-E49A-D2E9-8B7B-B57713C9AA08}"
EndProject
Project("{F2A71F9B-5D33-465A-A702-920D77279786}") = "solve", "11.4\solve.fsproj", "{00A33F0A-55F2-435F-ACAE-08FF926C974C}"
EndProject
Project("{2150E333-8FDC-42A3-9474-1A3956D46DE8}") = "11.1", "11.1", "{DD1ABAA9-6A22-9F3F-89FC-C12F44ED102B}"
EndProject
Project("{F2A71F9B-5D33-465A-A702-920D77279786}") = "solve", "11.1\solve.fsproj", "{12202868-0616-4F15-A4C3-759BDCEB05CE}"
EndProject
Project("{F2A71F9B-5D33-465A-A702-920D77279786}") = "solve", "11.8\solve.fsproj", "{2FE4AC9D-1B0D-4658-8DB7-C271AE1DDE40}"
EndProject
Global
	GlobalSection(SolutionConfigurationPlatforms) = preSolution
		Debug|Any CPU = Debug|Any CPU
		Debug|x64 = Debug|x64
		Debug|x86 = Debug|x86
		Release|Any CPU = Release|Any CPU
		Release|x64 = Release|x64
		Release|x86 = Release|x86
	EndGlobalSection
	GlobalSection(ProjectConfigurationPlatforms) = postSolution
		{3A11CF74-1079-69CA-0877-BEB642F73FEB}.Debug|Any CPU.ActiveCfg = Debug|Any CPU
		{3A11CF74-1079-69CA-0877-BEB642F73FEB}.Debug|Any CPU.Build.0 = Debug|Any CPU
		{3A11CF74-1079-69CA-0877-BEB642F73FEB}.Debug|x64.ActiveCfg = Debug|Any CPU
		{3A11CF74-1079-69CA-0877-BEB642F73FEB}.Debug|x64.Build.0 = Debug|Any CPU
		{3A11CF74-1079-69CA-0877-BEB642F73FEB}.Debug|x86.ActiveCfg = Debug|Any CPU
		{3A11CF74-1079-69CA-0877-BEB642F73FEB}.Debug|x86.Build.0 = Debug|Any CPU
		{3A11CF74-1079-69CA-0877-BEB642F73FEB}.Release|Any CPU.ActiveCfg = Release|Any CPU
		{3A11CF74-1079-69CA-0877-BEB642F73FEB}.Release|Any CPU.Build.0 = Release|Any CPU
		{3A11CF74-1079-69CA-0877-BEB642F73FEB}.Release|x64.ActiveCfg = Release|Any CPU
		{3A11CF74-1079-69CA-0877-BEB642F73FEB}.Release|x64.Build.0 = Release|Any CPU
		{3A11CF74-1079-69CA-0877-BEB642F73FEB}.Release|x86.ActiveCfg = Release|Any CPU
		{3A11CF74-1079-69CA-0877-BEB642F73FEB}.Release|x86.Build.0 = Release|Any CPU
		{769E60BA-AE66-4FAC-AD87-39691DB6DA77}.Debug|Any CPU.ActiveCfg = Debug|Any CPU
		{769E60BA-AE66-4FAC-AD87-39691DB6DA77}.Debug|Any CPU.Build.0 = Debug|Any CPU
		{769E60BA-AE66-4FAC-AD87-39691DB6DA77}.Debug|x64.ActiveCfg = Debug|Any CPU
		{769E60BA-AE66-4FAC-AD87-39691DB6DA77}.Debug|x64.Build.0 = Debug|Any CPU
		{769E60BA-AE66-4FAC-AD87-39691DB6DA77}.Debug|x86.ActiveCfg = Debug|Any CPU
		{769E60BA-AE66-4FAC-AD87-39691DB6DA77}.Debug|x86.Build.0 = Debug|Any CPU
		{769E60BA-AE66-4FAC-AD87-39691DB6DA77}.Release|Any CPU.ActiveCfg = Release|Any CPU
		{769E60BA-AE66-4FAC-AD87-39691DB6DA77}.Release|Any CPU.Build.0 = Release|Any CPU
		{769E60BA-AE66-4FAC-AD87-39691DB6DA77}.Release|x64.ActiveCfg = Release|Any CPU
		{769E60BA-AE66-4FAC-AD87-39691DB6DA77}.Release|x64.Build.0 = Release|Any CPU
		{769E60BA-AE66-4FAC-AD87-39691DB6DA77}.Release|x86.ActiveCfg = Release|Any CPU
		{769E60BA-AE66-4FAC-AD87-39691DB6DA77}.Release|x86.Build.0 = Release|Any CPU
		{FD021EAD-A2F9-4880-81CC-9C09EC828624}.Debug|Any CPU.ActiveCfg = Debug|Any CPU
		{FD021EAD-A2F9-4880-81CC-9C09EC828624}.Debug|Any CPU.Build.0 = Debug|Any CPU
		{FD021EAD-A2F9-4880-81CC-9C09EC828624}.Debug|x64.ActiveCfg = Debug|Any CPU
		{FD021EAD-A2F9-4880-81CC-9C09EC828624}.Debug|x64.Build.0 = Debug|Any CPU
		{FD021EAD-A2F9-4880-81CC-9C09EC828624}.Debug|x86.ActiveCfg = Debug|Any CPU
		{FD021EAD-A2F9-4880-81CC-9C09EC828624}.Debug|x86.Build.0 = Debug|Any CPU
		{FD021EAD-A2F9-4880-81CC-9C09EC828624}.Release|Any CPU.ActiveCfg = Release|Any CPU
		{FD021EAD-A2F9-4880-81CC-9C09EC828624}.Release|Any CPU.Build.0 = Release|Any CPU
		{FD021EAD-A2F9-4880-81CC-9C09EC828624}.Release|x64.ActiveCfg = Release|Any CPU
		{FD021EAD-A2F9-4880-81CC-9C09EC828624}.Release|x64.Build.0 = Release|Any CPU
		{FD021EAD-A2F9-4880-81CC-9C09EC828624}.Release|x86.ActiveCfg = Release|Any CPU
		{FD021EAD-A2F9-4880-81CC-9C09EC828624}.Release|x86.Build.0 = Release|Any CPU
		{00A33F0A-55F2-435F-ACAE-08FF926C974C}.Debug|Any CPU.ActiveCfg = Debug|Any CPU
		{00A33F0A-55F2-435F-ACAE-08FF926C974C}.Debug|Any CPU.Build.0 = Debug|Any CPU
		{00A33F0A-55F2-435F-ACAE-08FF926C974C}.Debug|x64.ActiveCfg = Debug|Any CPU
		{00A33F0A-55F2-435F-ACAE-08FF926C974C}.Debug|x64.Build.0 = Debug|Any CPU
		{00A33F0A-55F2-435F-ACAE-08FF926C974C}.Debug|x86.ActiveCfg = Debug|Any CPU
		{00A33F0A-55F2-435F-ACAE-08FF926C974C}.Debug|x86.Build.0 = Debug|Any CPU
		{00A33F0A-55F2-435F-ACAE-08FF926C974C}.Release|Any CPU.ActiveCfg = Release|Any CPU
		{00A33F0A-55F2-435F-ACAE-08FF926C974C}.Release|Any CPU.Build.0 = Release|Any CPU
		{00A33F0A-55F2-435F-ACAE-08FF926C974C}.Release|x64.ActiveCfg = Release|Any CPU
		{00A33F0A-55F2-435F-ACAE-08FF926C974C}.Release|x64.Build.0 = Release|Any CPU
		{00A33F0A-55F2-435F-ACAE-08FF926C974C}.Release|x86.ActiveCfg = Release|Any CPU
		{00A33F0A-55F2-435F-ACAE-08FF926C974C}.Release|x86.Build.0 = Release|Any CPU
		{12202868-0616-4F15-A4C3-759BDCEB05CE}.Debug|Any CPU.ActiveCfg = Debug|Any CPU
		{12202868-0616-4F15-A4C3-759BDCEB05CE}.Debug|Any CPU.Build.0 = Debug|Any CPU
		{12202868-0616-4F15-A4C3-759BDCEB05CE}.Debug|x64.ActiveCfg = Debug|Any CPU
		{12202868-0616-4F15-A4C3-759BDCEB05CE}.Debug|x64.Build.0 = Debug|Any CPU
		{12202868-0616-4F15-A4C3-759BDCEB05CE}.Debug|x86.ActiveCfg = Debug|Any CPU
		{12202868-0616-4F15-A4C3-759BDCEB05CE}.Debug|x86.Build.0 = Debug|Any CPU
		{12202868-0616-4F15-A4C3-759BDCEB05CE}.Release|Any CPU.ActiveCfg = Release|Any CPU
		{12202868-0616-4F15-A4C3-759BDCEB05CE}.Release|Any CPU.Build.0 = Release|Any CPU
		{12202868-0616-4F15-A4C3-759BDCEB05CE}.Release|x64.ActiveCfg = Release|Any CPU
		{12202868-0616-4F15-A4C3-759BDCEB05CE}.Release|x64.Build.0 = Release|Any CPU
		{12202868-0616-4F15-A4C3-759BDCEB05CE}.Release|x86.ActiveCfg = Release|Any CPU
		{12202868-0616-4F15-A4C3-759BDCEB05CE}.Release|x86.Build.0 = Release|Any CPU
		{2FE4AC9D-1B0D-4658-8DB7-C271AE1DDE40}.Debug|Any CPU.ActiveCfg = Debug|Any CPU
		{2FE4AC9D-1B0D-4658-8DB7-C271AE1DDE40}.Debug|Any CPU.Build.0 = Debug|Any CPU
		{2FE4AC9D-1B0D-4658-8DB7-C271AE1DDE40}.Debug|x64.ActiveCfg = Debug|Any CPU
		{2FE4AC9D-1B0D-4658-8DB7-C271AE1DDE40}.Debug|x64.Build.0 = Debug|Any CPU
		{2FE4AC9D-1B0D-4658-8DB7-C271AE1DDE40}.Debug|x86.ActiveCfg = Debug|Any CPU
		{2FE4AC9D-1B0D-4658-8DB7-C271AE1DDE40}.Debug|x86.Build.0 = Debug|Any CPU
		{2FE4AC9D-1B0D-4658-8DB7-C271AE1DDE40}.Release|Any CPU.ActiveCfg = Release|Any CPU
		{2FE4AC9D-1B0D-4658-8DB7-C271AE1DDE40}.Release|Any CPU.Build.0 = Release|Any CPU
		{2FE4AC9D-1B0D-4658-8DB7-C271AE1DDE40}.Release|x64.ActiveCfg = Release|Any CPU
		{2FE4AC9D-1B0D-4658-8DB7-C271AE1DDE40}.Release|x64.Build.0 = Release|Any CPU
		{2FE4AC9D-1B0D-4658-8DB7-C271AE1DDE40}.Release|x86.ActiveCfg = Release|Any CPU
		{2FE4AC9D-1B0D-4658-8DB7-C271AE1DDE40}.Release|x86.Build.0 = Release|Any CPU
	EndGlobalSection
	GlobalSection(SolutionProperties) = preSolution
		HideSolutionNode = FALSE
	EndGlobalSection
	GlobalSection(NestedProjects) = preSolution
		{3A11CF74-1079-69CA-0877-BEB642F73FEB} = {4690635B-DE81-A3EF-7CC9-A434A74E5F8B}
		{769E60BA-AE66-4FAC-AD87-39691DB6DA77} = {5EAC839F-D070-EE94-8579-A9B3D456076B}
		{FD021EAD-A2F9-4880-81CC-9C09EC828624} = {6E26947B-828C-9D68-8907-3C00B3B3ACE0}
		{00A33F0A-55F2-435F-ACAE-08FF926C974C} = {0FA88274-E49A-D2E9-8B7B-B57713C9AA08}
		{12202868-0616-4F15-A4C3-759BDCEB05CE} = {DD1ABAA9-6A22-9F3F-89FC-C12F44ED102B}
		{2FE4AC9D-1B0D-4658-8DB7-C271AE1DDE40} = {4690635B-DE81-A3EF-7CC9-A434A74E5F8B}
	EndGlobalSection
	GlobalSection(ExtensibilityGlobals) = postSolution
		SolutionGuid = {4F148430-DE4A-46AC-A715-2D80EA9A6E70}
	EndGlobalSection
EndGlobal
